
Microsoft Visual Studio Solution File, Format Version 12.00
# Visual Studio 15
VisualStudioVersion = 15.0.28307.539
MinimumVisualStudioVersion = 10.0.40219.1
Project("{FAE04EC0-301F-11D3-BF4B-00C04F79EFBC}") = "PatientManagement", "PatientManagement\PatientManagement.csproj", "{95B77950-2D9D-4B3A-969A-1B95DE5A69FD}"
EndProject
Global
	GlobalSection(SolutionConfigurationPlatforms) = preSolution
		Debug|Any CPU = Debug|Any CPU
		Release|Any CPU = Release|Any CPU
	EndGlobalSection
	GlobalSection(ProjectConfigurationPlatforms) = postSolution
		{95B77950-2D9D-4B3A-969A-1B95DE5A69FD}.Debug|Any CPU.ActiveCfg = Debug|Any CPU
		{95B77950-2D9D-4B3A-969A-1B95DE5A69FD}.Debug|Any CPU.Build.0 = Debug|Any CPU
		{95B77950-2D9D-4B3A-969A-1B95DE5A69FD}.Release|Any CPU.ActiveCfg = Release|Any CPU
		{95B77950-2D9D-4B3A-969A-1B95DE5A69FD}.Release|Any CPU.Build.0 = Release|Any CPU
	EndGlobalSection
	GlobalSection(SolutionProperties) = preSolution
		HideSolutionNode = FALSE
	EndGlobalSection
	GlobalSection(ExtensibilityGlobals) = postSolution
		SolutionGuid = {BCC6ABAF-5665-40BB-8FD3-BE7ADE1ABF54}
	EndGlobalSection
EndGlobal
